// !$*UTF8*$!
{
	archiveVersion = 1;
	classes = {
	};
	objectVersion = 46;
	objects = {

/* Begin PBXBuildFile section */
		00821562065DA7F5D5A726AC /* Notifications.swift in Sources */ = {isa = PBXBuildFile; fileRef = B7381312278C104399C81190 /* Notifications.swift */; };
		06486EA0C71702897038E4DC /* DiscoverViews.swift in Sources */ = {isa = PBXBuildFile; fileRef = 9E40EB3C53A57B04DCFC00B2 /* DiscoverViews.swift */; };
		0FEBBB23B23BDA2C6E198BF0 /* FeedView.swift in Sources */ = {isa = PBXBuildFile; fileRef = 4928C2613272E5CF68C0B8BB /* FeedView.swift */; };
		36BE88A55C1B8435BFFD19C7 /* CoinStore.swift in Sources */ = {isa = PBXBuildFile; fileRef = 7795EEC60C2ECA3ABF13DA88 /* CoinStore.swift */; };
		55374B325A3C16EF755F8813 /* Strings.swift in Sources */ = {isa = PBXBuildFile; fileRef = D08AA573DF526E794E6FA422 /* Strings.swift */; };
		5B2C49EA78AB83799C4966DB /* ProfileViews.swift in Sources */ = {isa = PBXBuildFile; fileRef = ECE8787B490196AD5FF8BCA8 /* ProfileViews.swift */; };
		5D5DD53658646ECB86D05BB5 /* OnboardingViews.swift in Sources */ = {isa = PBXBuildFile; fileRef = 8ACFB6688A69FD19BE1E8E7C /* OnboardingViews.swift */; };
		5DC0A9FEEC7EF6C62350DB86 /* ContinueWatchingView.swift in Sources */ = {isa = PBXBuildFile; fileRef = 4F822B3F98333A02E53940B8 /* ContinueWatchingView.swift */; };
		65EA9CCE0030411F57DE8268 /* PrivacyInfo.xcprivacy in Resources */ = {isa = PBXBuildFile; fileRef = F3396A627D4982455B07B389 /* PrivacyInfo.xcprivacy */; };
		6C0E0DC6CEF2C3F8431EE1BD /* Assets.xcassets in Resources */ = {isa = PBXBuildFile; fileRef = 043FF773CBDBB53C9EF9CA57 /* Assets.xcassets */; };
		78BA6170B25B93F405EF6F8B /* SeriesView.swift in Sources */ = {isa = PBXBuildFile; fileRef = E708A5CBF20B8AB8A4E93DC4 /* SeriesView.swift */; };
		813DE2C21B6CE788D2C902D9 /* AppleSignIn.swift in Sources */ = {isa = PBXBuildFile; fileRef = 31D4A45B4E7A2683196335D2 /* AppleSignIn.swift */; };
		852224719DC8C05483A85464 /* Fonts in Resources */ = {isa = PBXBuildFile; fileRef = A1E9412C008440F75F24CDF5 /* Fonts */; };
		8DD842CC1767D1913E4D3DDC /* PacksSheet.swift in Sources */ = {isa = PBXBuildFile; fileRef = 52C57D882FE133987EB6D89B /* PacksSheet.swift */; };
		9490ED43B81E1DC0E48B53E5 /* ProgressReporter.swift in Sources */ = {isa = PBXBuildFile; fileRef = 0A7BAD022E6C91BCFDC2B5CA /* ProgressReporter.swift */; };
		9C5D61AD980F563B2DBF994B /* PaywallView.swift in Sources */ = {isa = PBXBuildFile; fileRef = EDA938BC51F65909134F061F /* PaywallView.swift */; };
		A5943A46DD09316ED1FDD509 /* Foundation.framework in Frameworks */ = {isa = PBXBuildFile; fileRef = 68266A2E17112FA01BEC7832 /* Foundation.framework */; };
		A76611142FACD77B1C24A183 /* KathaAppUITests.swift in Sources */ = {isa = PBXBuildFile; fileRef = 586447C684446BB8563B9F6B /* KathaAppUITests.swift */; };
		A79F6A0421D5478E16CE13AD /* ScreenshotTour.swift in Sources */ = {isa = PBXBuildFile; fileRef = 61468258A979B7D192D0FBB2 /* ScreenshotTour.swift */; };
		B4D4F6A01854EC10A25BA09C /* KathaKit in Frameworks */ = {isa = PBXBuildFile; productRef = 4543DE7D1A9251AF7A5DFF3B /* KathaKit */; };
		C27CC07A9BD5D6AA8B80B3E7 /* Keychain.swift in Sources */ = {isa = PBXBuildFile; fileRef = 751C10F3CA6F1D3150F430E2 /* Keychain.swift */; };
		C2F26C00EC8B15368E2721AF /* KathaApp.swift in Sources */ = {isa = PBXBuildFile; fileRef = 7FB14E10EC4359C89D7DAFFB /* KathaApp.swift */; };
		D36CEE8591CE7ECAC200A75E /* CoachMarks.swift in Sources */ = {isa = PBXBuildFile; fileRef = 524DF75B84CD0F9C42AC8635 /* CoachMarks.swift */; };
		D4AF25DB75572AA32BA4E948 /* AuthViews.swift in Sources */ = {isa = PBXBuildFile; fileRef = C456169D11235C28B4782B7E /* AuthViews.swift */; };
		D566AEE311F15618DAD1A2E1 /* PlayerView.swift in Sources */ = {isa = PBXBuildFile; fileRef = 8AC87C4DA65426416CD5F1CD /* PlayerView.swift */; };
		D59E664DB0CF352CFFB2ACD6 /* DesignSystem.swift in Sources */ = {isa = PBXBuildFile; fileRef = 8909DE4E7F2C7627959519D9 /* DesignSystem.swift */; };
		D808787F91493A2E7E3AB31B /* WalletView.swift in Sources */ = {isa = PBXBuildFile; fileRef = BCF4AD31029D55DFE80097FF /* WalletView.swift */; };
		DEA178B26C563EDDCD34E06A /* HelpAssistantView.swift in Sources */ = {isa = PBXBuildFile; fileRef = D693CE2CFC7A0149BC690474 /* HelpAssistantView.swift */; };
		E8A1E7BFC3B3BFED86168ED5 /* Foundation.framework in Frameworks */ = {isa = PBXBuildFile; fileRef = 68266A2E17112FA01BEC7832 /* Foundation.framework */; };
		EDE511E8BDC27C45D2AF9592 /* ParentalLock.swift in Sources */ = {isa = PBXBuildFile; fileRef = AC6B949EF2D5FC490F9B2BEB /* ParentalLock.swift */; };
/* End PBXBuildFile section */

/* Begin PBXContainerItemProxy section */
		B9D2DF5E815653F9D225FD18 /* PBXContainerItemProxy */ = {
			isa = PBXContainerItemProxy;
			containerPortal = 588AD088EB946D658CA4DC27 /* Project object */;
			proxyType = 1;
			remoteGlobalIDString = 560717F58B1971239EB2FB39;
			remoteInfo = KathaApp;
		};
/* End PBXContainerItemProxy section */

/* Begin PBXFileReference section */
		043FF773CBDBB53C9EF9CA57 /* Assets.xcassets */ = {isa = PBXFileReference; includeInIndex = 1; lastKnownFileType = folder.assetcatalog; path = Assets.xcassets; sourceTree = "<group>"; };
		07EEADB986C35414E472D792 /* KathaAppUITests.xctest */ = {isa = PBXFileReference; explicitFileType = wrapper.cfbundle; includeInIndex = 0; path = KathaAppUITests.xctest; sourceTree = BUILT_PRODUCTS_DIR; };
		0A7BAD022E6C91BCFDC2B5CA /* ProgressReporter.swift */ = {isa = PBXFileReference; includeInIndex = 1; lastKnownFileType = sourcecode.swift; path = ProgressReporter.swift; sourceTree = "<group>"; };
		31D4A45B4E7A2683196335D2 /* AppleSignIn.swift */ = {isa = PBXFileReference; includeInIndex = 1; lastKnownFileType = sourcecode.swift; path = AppleSignIn.swift; sourceTree = "<group>"; };
		4928C2613272E5CF68C0B8BB /* FeedView.swift */ = {isa = PBXFileReference; includeInIndex = 1; lastKnownFileType = sourcecode.swift; path = FeedView.swift; sourceTree = "<group>"; };
		4F822B3F98333A02E53940B8 /* ContinueWatchingView.swift */ = {isa = PBXFileReference; includeInIndex = 1; lastKnownFileType = sourcecode.swift; path = ContinueWatchingView.swift; sourceTree = "<group>"; };
		524DF75B84CD0F9C42AC8635 /* CoachMarks.swift */ = {isa = PBXFileReference; includeInIndex = 1; lastKnownFileType = sourcecode.swift; path = CoachMarks.swift; sourceTree = "<group>"; };
		52C57D882FE133987EB6D89B /* PacksSheet.swift */ = {isa = PBXFileReference; includeInIndex = 1; lastKnownFileType = sourcecode.swift; path = PacksSheet.swift; sourceTree = "<group>"; };
		586447C684446BB8563B9F6B /* KathaAppUITests.swift */ = {isa = PBXFileReference; includeInIndex = 1; lastKnownFileType = sourcecode.swift; path = KathaAppUITests.swift; sourceTree = "<group>"; };
		5ED0A5FD16B35AD23A7A5C23 /* Release.xcconfig */ = {isa = PBXFileReference; includeInIndex = 1; lastKnownFileType = text.xcconfig; path = Release.xcconfig; sourceTree = "<group>"; };
		61468258A979B7D192D0FBB2 /* ScreenshotTour.swift */ = {isa = PBXFileReference; includeInIndex = 1; lastKnownFileType = sourcecode.swift; path = ScreenshotTour.swift; sourceTree = "<group>"; };
		68266A2E17112FA01BEC7832 /* Foundation.framework */ = {isa = PBXFileReference; lastKnownFileType = wrapper.framework; name = Foundation.framework; path = Platforms/iPhoneOS.platform/Developer/SDKs/iPhoneOS26.0.sdk/System/Library/Frameworks/Foundation.framework; sourceTree = DEVELOPER_DIR; };
		751C10F3CA6F1D3150F430E2 /* Keychain.swift */ = {isa = PBXFileReference; includeInIndex = 1; lastKnownFileType = sourcecode.swift; path = Keychain.swift; sourceTree = "<group>"; };
		7795EEC60C2ECA3ABF13DA88 /* CoinStore.swift */ = {isa = PBXFileReference; includeInIndex = 1; lastKnownFileType = sourcecode.swift; path = CoinStore.swift; sourceTree = "<group>"; };
		7FB14E10EC4359C89D7DAFFB /* KathaApp.swift */ = {isa = PBXFileReference; includeInIndex = 1; lastKnownFileType = sourcecode.swift; path = KathaApp.swift; sourceTree = "<group>"; };
		8909DE4E7F2C7627959519D9 /* DesignSystem.swift */ = {isa = PBXFileReference; includeInIndex = 1; lastKnownFileType = sourcecode.swift; path = DesignSystem.swift; sourceTree = "<group>"; };
		8AC87C4DA65426416CD5F1CD /* PlayerView.swift */ = {isa = PBXFileReference; includeInIndex = 1; lastKnownFileType = sourcecode.swift; path = PlayerView.swift; sourceTree = "<group>"; };
		8ACFB6688A69FD19BE1E8E7C /* OnboardingViews.swift */ = {isa = PBXFileReference; includeInIndex = 1; lastKnownFileType = sourcecode.swift; path = OnboardingViews.swift; sourceTree = "<group>"; };
		91F79D522DD846BA4D814D1B /* KathaApp.app */ = {isa = PBXFileReference; explicitFileType = wrapper.application; includeInIndex = 0; path = KathaApp.app; sourceTree = BUILT_PRODUCTS_DIR; };
		9590F8CC3CE18FB2BF6B8ECB /* Katha.storekit */ = {isa = PBXFileReference; includeInIndex = 1; path = Katha.storekit; sourceTree = "<group>"; };
		9E40EB3C53A57B04DCFC00B2 /* DiscoverViews.swift */ = {isa = PBXFileReference; includeInIndex = 1; lastKnownFileType = sourcecode.swift; path = DiscoverViews.swift; sourceTree = "<group>"; };
		A1E9412C008440F75F24CDF5 /* Fonts */ = {isa = PBXFileReference; includeInIndex = 1; path = Fonts; sourceTree = "<group>"; };
		AC6B949EF2D5FC490F9B2BEB /* ParentalLock.swift */ = {isa = PBXFileReference; includeInIndex = 1; lastKnownFileType = sourcecode.swift; path = ParentalLock.swift; sourceTree = "<group>"; };
		B555BA935D2B8EE623484404 /* Debug.xcconfig */ = {isa = PBXFileReference; includeInIndex = 1; lastKnownFileType = text.xcconfig; path = Debug.xcconfig; sourceTree = "<group>"; };
		B7381312278C104399C81190 /* Notifications.swift */ = {isa = PBXFileReference; includeInIndex = 1; lastKnownFileType = sourcecode.swift; path = Notifications.swift; sourceTree = "<group>"; };
		BCF4AD31029D55DFE80097FF /* WalletView.swift */ = {isa = PBXFileReference; includeInIndex = 1; lastKnownFileType = sourcecode.swift; path = WalletView.swift; sourceTree = "<group>"; };
		C456169D11235C28B4782B7E /* AuthViews.swift */ = {isa = PBXFileReference; includeInIndex = 1; lastKnownFileType = sourcecode.swift; path = AuthViews.swift; sourceTree = "<group>"; };
		D08AA573DF526E794E6FA422 /* Strings.swift */ = {isa = PBXFileReference; includeInIndex = 1; lastKnownFileType = sourcecode.swift; path = Strings.swift; sourceTree = "<group>"; };
		D693CE2CFC7A0149BC690474 /* HelpAssistantView.swift */ = {isa = PBXFileReference; includeInIndex = 1; lastKnownFileType = sourcecode.swift; path = HelpAssistantView.swift; sourceTree = "<group>"; };
		E708A5CBF20B8AB8A4E93DC4 /* SeriesView.swift */ = {isa = PBXFileReference; includeInIndex = 1; lastKnownFileType = sourcecode.swift; path = SeriesView.swift; sourceTree = "<group>"; };
		ECE8787B490196AD5FF8BCA8 /* ProfileViews.swift */ = {isa = PBXFileReference; includeInIndex = 1; lastKnownFileType = sourcecode.swift; path = ProfileViews.swift; sourceTree = "<group>"; };
		EDA938BC51F65909134F061F /* PaywallView.swift */ = {isa = PBXFileReference; includeInIndex = 1; lastKnownFileType = sourcecode.swift; path = PaywallView.swift; sourceTree = "<group>"; };
		F3396A627D4982455B07B389 /* PrivacyInfo.xcprivacy */ = {isa = PBXFileReference; includeInIndex = 1; path = PrivacyInfo.xcprivacy; sourceTree = "<group>"; };
		F4931F0932113F4A820F0248 /* Local.xcconfig.example */ = {isa = PBXFileReference; includeInIndex = 1; path = Local.xcconfig.example; sourceTree = "<group>"; };
/* End PBXFileReference section */

/* Begin PBXFrameworksBuildPhase section */
		80407BA6E7F43D245333B1E5 /* Frameworks */ = {
			isa = PBXFrameworksBuildPhase;
			buildActionMask = 2147483647;
			files = (
				E8A1E7BFC3B3BFED86168ED5 /* Foundation.framework in Frameworks */,
			);
			runOnlyForDeploymentPostprocessing = 0;
		};
		ECA1CF2EE7B203260E8366B9 /* Frameworks */ = {
			isa = PBXFrameworksBuildPhase;
			buildActionMask = 2147483647;
			files = (
				A5943A46DD09316ED1FDD509 /* Foundation.framework in Frameworks */,
				B4D4F6A01854EC10A25BA09C /* KathaKit in Frameworks */,
			);
			runOnlyForDeploymentPostprocessing = 0;
		};
/* End PBXFrameworksBuildPhase section */

/* Begin PBXGroup section */
		14BC7AB0CE6753D9C08F0350 /* Frameworks */ = {
			isa = PBXGroup;
			children = (
				8779731C9243AD83458C293D /* iOS */,
			);
			name = Frameworks;
			sourceTree = "<group>";
		};
		198DC7DD008288C836C7F72C /* Products */ = {
			isa = PBXGroup;
			children = (
				91F79D522DD846BA4D814D1B /* KathaApp.app */,
				07EEADB986C35414E472D792 /* KathaAppUITests.xctest */,
			);
			name = Products;
			sourceTree = "<group>";
		};
		44C4D7F5CDB8DFAB2BF0713D = {
			isa = PBXGroup;
			children = (
				198DC7DD008288C836C7F72C /* Products */,
				14BC7AB0CE6753D9C08F0350 /* Frameworks */,
				8DEBD46FD86327E4FD79520B /* KathaApp */,
				6311D6CF99160CE6A156C31D /* KathaAppUITests */,
			);
			sourceTree = "<group>";
		};
		623643F2BC0AD5D9397208A1 /* Config */ = {
			isa = PBXGroup;
			children = (
				B555BA935D2B8EE623484404 /* Debug.xcconfig */,
				5ED0A5FD16B35AD23A7A5C23 /* Release.xcconfig */,
				F4931F0932113F4A820F0248 /* Local.xcconfig.example */,
			);
			name = Config;
			path = Config;
			sourceTree = "<group>";
		};
		6311D6CF99160CE6A156C31D /* KathaAppUITests */ = {
			isa = PBXGroup;
			children = (
				586447C684446BB8563B9F6B /* KathaAppUITests.swift */,
				61468258A979B7D192D0FBB2 /* ScreenshotTour.swift */,
			);
			name = KathaAppUITests;
			path = KathaAppUITests;
			sourceTree = "<group>";
		};
		8779731C9243AD83458C293D /* iOS */ = {
			isa = PBXGroup;
			children = (
				68266A2E17112FA01BEC7832 /* Foundation.framework */,
			);
			name = iOS;
			sourceTree = "<group>";
		};
		8DEBD46FD86327E4FD79520B /* KathaApp */ = {
			isa = PBXGroup;
			children = (
				31D4A45B4E7A2683196335D2 /* AppleSignIn.swift */,
				C456169D11235C28B4782B7E /* AuthViews.swift */,
				524DF75B84CD0F9C42AC8635 /* CoachMarks.swift */,
				7795EEC60C2ECA3ABF13DA88 /* CoinStore.swift */,
				4F822B3F98333A02E53940B8 /* ContinueWatchingView.swift */,
				8909DE4E7F2C7627959519D9 /* DesignSystem.swift */,
				9E40EB3C53A57B04DCFC00B2 /* DiscoverViews.swift */,
				4928C2613272E5CF68C0B8BB /* FeedView.swift */,
				D693CE2CFC7A0149BC690474 /* HelpAssistantView.swift */,
				7FB14E10EC4359C89D7DAFFB /* KathaApp.swift */,
				751C10F3CA6F1D3150F430E2 /* Keychain.swift */,
				B7381312278C104399C81190 /* Notifications.swift */,
				8ACFB6688A69FD19BE1E8E7C /* OnboardingViews.swift */,
				52C57D882FE133987EB6D89B /* PacksSheet.swift */,
				AC6B949EF2D5FC490F9B2BEB /* ParentalLock.swift */,
				EDA938BC51F65909134F061F /* PaywallView.swift */,
				8AC87C4DA65426416CD5F1CD /* PlayerView.swift */,
				ECE8787B490196AD5FF8BCA8 /* ProfileViews.swift */,
				0A7BAD022E6C91BCFDC2B5CA /* ProgressReporter.swift */,
				E708A5CBF20B8AB8A4E93DC4 /* SeriesView.swift */,
				D08AA573DF526E794E6FA422 /* Strings.swift */,
				BCF4AD31029D55DFE80097FF /* WalletView.swift */,
				043FF773CBDBB53C9EF9CA57 /* Assets.xcassets */,
				F3396A627D4982455B07B389 /* PrivacyInfo.xcprivacy */,
				9590F8CC3CE18FB2BF6B8ECB /* Katha.storekit */,
				A1E9412C008440F75F24CDF5 /* Fonts */,
				623643F2BC0AD5D9397208A1 /* Config */,
			);
			name = KathaApp;
			path = KathaApp;
			sourceTree = "<group>";
		};
/* End PBXGroup section */

/* Begin PBXNativeTarget section */
		287A95BF2EA384B0946973BD /* KathaAppUITests */ = {
			isa = PBXNativeTarget;
			buildConfigurationList = 248FB1F120BB5E7C126994F9 /* Build configuration list for PBXNativeTarget "KathaAppUITests" */;
			buildPhases = (
				8CE456F66A1F93B932F0B0B5 /* Sources */,
				80407BA6E7F43D245333B1E5 /* Frameworks */,
				3C521CA502FCC786068A0B01 /* Resources */,
			);
			buildRules = (
			);
			dependencies = (
				E0498D88FE893E04450525B5 /* PBXTargetDependency */,
			);
			name = KathaAppUITests;
			productName = KathaAppUITests;
			productReference = 07EEADB986C35414E472D792 /* KathaAppUITests.xctest */;
			productType = "com.apple.product-type.bundle.ui-testing";
		};
		560717F58B1971239EB2FB39 /* KathaApp */ = {
			isa = PBXNativeTarget;
			buildConfigurationList = 35C7D174CEABA2CC7F6B8E4F /* Build configuration list for PBXNativeTarget "KathaApp" */;
			buildPhases = (
				136C147E52224ABEEB0AD513 /* Sources */,
				ECA1CF2EE7B203260E8366B9 /* Frameworks */,
				D457A050115094F75342E376 /* Resources */,
			);
			buildRules = (
			);
			dependencies = (
			);
			name = KathaApp;
			packageProductDependencies = (
				4543DE7D1A9251AF7A5DFF3B /* KathaKit */,
			);
			productName = KathaApp;
			productReference = 91F79D522DD846BA4D814D1B /* KathaApp.app */;
			productType = "com.apple.product-type.application";
		};
/* End PBXNativeTarget section */

/* Begin PBXProject section */
		588AD088EB946D658CA4DC27 /* Project object */ = {
			isa = PBXProject;
			attributes = {
				LastSwiftUpdateCheck = 1600;
				LastUpgradeCheck = 1600;
			};
			buildConfigurationList = 98BFD5A6D9B08DA9450D628E /* Build configuration list for PBXProject "KathaApp" */;
			compatibilityVersion = "Xcode 3.2";
			developmentRegion = en;
			hasScannedForEncodings = 0;
			knownRegions = (
				en,
				Base,
			);
			mainGroup = 44C4D7F5CDB8DFAB2BF0713D;
			minimizedProjectReferenceProxies = 0;
			packageReferences = (
				4D63CFFDF26930D6008448EE /* XCLocalSwiftPackageReference "KathaKit" */,
			);
			preferredProjectObjectVersion = 100;
			productRefGroup = 198DC7DD008288C836C7F72C /* Products */;
			projectDirPath = "";
			projectRoot = "";
			targets = (
				560717F58B1971239EB2FB39 /* KathaApp */,
				287A95BF2EA384B0946973BD /* KathaAppUITests */,
			);
		};
/* End PBXProject section */

/* Begin PBXResourcesBuildPhase section */
		3C521CA502FCC786068A0B01 /* Resources */ = {
			isa = PBXResourcesBuildPhase;
			buildActionMask = 2147483647;
			files = (
			);
			runOnlyForDeploymentPostprocessing = 0;
		};
		D457A050115094F75342E376 /* Resources */ = {
			isa = PBXResourcesBuildPhase;
			buildActionMask = 2147483647;
			files = (
				6C0E0DC6CEF2C3F8431EE1BD /* Assets.xcassets in Resources */,
				65EA9CCE0030411F57DE8268 /* PrivacyInfo.xcprivacy in Resources */,
				852224719DC8C05483A85464 /* Fonts in Resources */,
			);
			runOnlyForDeploymentPostprocessing = 0;
		};
/* End PBXResourcesBuildPhase section */

/* Begin PBXSourcesBuildPhase section */
		136C147E52224ABEEB0AD513 /* Sources */ = {
			isa = PBXSourcesBuildPhase;
			buildActionMask = 2147483647;
			files = (
				813DE2C21B6CE788D2C902D9 /* AppleSignIn.swift in Sources */,
				D4AF25DB75572AA32BA4E948 /* AuthViews.swift in Sources */,
				D36CEE8591CE7ECAC200A75E /* CoachMarks.swift in Sources */,
				36BE88A55C1B8435BFFD19C7 /* CoinStore.swift in Sources */,
				5DC0A9FEEC7EF6C62350DB86 /* ContinueWatchingView.swift in Sources */,
				D59E664DB0CF352CFFB2ACD6 /* DesignSystem.swift in Sources */,
				06486EA0C71702897038E4DC /* DiscoverViews.swift in Sources */,
				0FEBBB23B23BDA2C6E198BF0 /* FeedView.swift in Sources */,
				DEA178B26C563EDDCD34E06A /* HelpAssistantView.swift in Sources */,
				C2F26C00EC8B15368E2721AF /* KathaApp.swift in Sources */,
				C27CC07A9BD5D6AA8B80B3E7 /* Keychain.swift in Sources */,
				00821562065DA7F5D5A726AC /* Notifications.swift in Sources */,
				5D5DD53658646ECB86D05BB5 /* OnboardingViews.swift in Sources */,
				8DD842CC1767D1913E4D3DDC /* PacksSheet.swift in Sources */,
				EDE511E8BDC27C45D2AF9592 /* ParentalLock.swift in Sources */,
				9C5D61AD980F563B2DBF994B /* PaywallView.swift in Sources */,
				D566AEE311F15618DAD1A2E1 /* PlayerView.swift in Sources */,
				5B2C49EA78AB83799C4966DB /* ProfileViews.swift in Sources */,
				9490ED43B81E1DC0E48B53E5 /* ProgressReporter.swift in Sources */,
				78BA6170B25B93F405EF6F8B /* SeriesView.swift in Sources */,
				55374B325A3C16EF755F8813 /* Strings.swift in Sources */,
				D808787F91493A2E7E3AB31B /* WalletView.swift in Sources */,
			);
			runOnlyForDeploymentPostprocessing = 0;
		};
		8CE456F66A1F93B932F0B0B5 /* Sources */ = {
			isa = PBXSourcesBuildPhase;
			buildActionMask = 2147483647;
			files = (
				A76611142FACD77B1C24A183 /* KathaAppUITests.swift in Sources */,
				A79F6A0421D5478E16CE13AD /* ScreenshotTour.swift in Sources */,
			);
			runOnlyForDeploymentPostprocessing = 0;
		};
/* End PBXSourcesBuildPhase section */

/* Begin PBXTargetDependency section */
		E0498D88FE893E04450525B5 /* PBXTargetDependency */ = {
			isa = PBXTargetDependency;
			name = KathaApp;
			target = 560717F58B1971239EB2FB39 /* KathaApp */;
			targetProxy = B9D2DF5E815653F9D225FD18 /* PBXContainerItemProxy */;
		};
/* End PBXTargetDependency section */

/* Begin XCBuildConfiguration section */
		1E9320976823E9566F4DEDAA /* Release */ = {
			isa = XCBuildConfiguration;
			buildSettings = {
				ALWAYS_SEARCH_USER_PATHS = NO;
				CLANG_ANALYZER_NONNULL = YES;
				CLANG_ANALYZER_NUMBER_OBJECT_CONVERSION = YES_AGGRESSIVE;
				CLANG_CXX_LANGUAGE_STANDARD = "gnu++14";
				CLANG_CXX_LIBRARY = "libc++";
				CLANG_ENABLE_MODULES = YES;
				CLANG_ENABLE_OBJC_ARC = YES;
				CLANG_ENABLE_OBJC_WEAK = YES;
				CLANG_WARN_BLOCK_CAPTURE_AUTORELEASING = YES;
				CLANG_WARN_BOOL_CONVERSION = YES;
				CLANG_WARN_COMMA = YES;
				CLANG_WARN_CONSTANT_CONVERSION = YES;
				CLANG_WARN_DEPRECATED_OBJC_IMPLEMENTATIONS = YES;
				CLANG_WARN_DIRECT_OBJC_ISA_USAGE = YES_ERROR;
				CLANG_WARN_DOCUMENTATION_COMMENTS = YES;
				CLANG_WARN_EMPTY_BODY = YES;
				CLANG_WARN_ENUM_CONVERSION = YES;
				CLANG_WARN_INFINITE_RECURSION = YES;
				CLANG_WARN_INT_CONVERSION = YES;
				CLANG_WARN_NON_LITERAL_NULL_CONVERSION = YES;
				CLANG_WARN_OBJC_IMPLICIT_RETAIN_SELF = YES;
				CLANG_WARN_OBJC_LITERAL_CONVERSION = YES;
				CLANG_WARN_OBJC_ROOT_CLASS = YES_ERROR;
				CLANG_WARN_QUOTED_INCLUDE_IN_FRAMEWORK_HEADER = YES;
				CLANG_WARN_RANGE_LOOP_ANALYSIS = YES;
				CLANG_WARN_STRICT_PROTOTYPES = YES;
				CLANG_WARN_SUSPICIOUS_MOVE = YES;
				CLANG_WARN_UNGUARDED_AVAILABILITY = YES_AGGRESSIVE;
				CLANG_WARN_UNREACHABLE_CODE = YES;
				CLANG_WARN__DUPLICATE_METHOD_MATCH = YES;
				COPY_PHASE_STRIP = NO;
				DEBUG_INFORMATION_FORMAT = "dwarf-with-dsym";
				ENABLE_NS_ASSERTIONS = NO;
				ENABLE_STRICT_OBJC_MSGSEND = YES;
				GCC_C_LANGUAGE_STANDARD = gnu11;
				GCC_NO_COMMON_BLOCKS = YES;
				GCC_WARN_64_TO_32_BIT_CONVERSION = YES;
				GCC_WARN_ABOUT_RETURN_TYPE = YES_ERROR;
				GCC_WARN_UNDECLARED_SELECTOR = YES;
				GCC_WARN_UNINITIALIZED_AUTOS = YES_AGGRESSIVE;
				GCC_WARN_UNUSED_FUNCTION = YES;
				GCC_WARN_UNUSED_VARIABLE = YES;
				MTL_ENABLE_DEBUG_INFO = NO;
				MTL_FAST_MATH = YES;
				PRODUCT_NAME = "$(TARGET_NAME)";
				SWIFT_COMPILATION_MODE = wholemodule;
				SWIFT_OPTIMIZATION_LEVEL = "-O";
				SWIFT_VERSION = 5.0;
			};
			name = Release;
		};
		3683C85952832180E2902372 /* Debug */ = {
			isa = XCBuildConfiguration;
			buildSettings = {
				CLANG_ENABLE_OBJC_WEAK = NO;
				CODE_SIGNING_ALLOWED = NO;
				CODE_SIGNING_REQUIRED = NO;
				CODE_SIGN_IDENTITY = "";
				GENERATE_INFOPLIST_FILE = YES;
				IPHONEOS_DEPLOYMENT_TARGET = 17.0;
				PRODUCT_BUNDLE_IDENTIFIER = dev.katha.uitests;
				SDKROOT = iphoneos;
				SWIFT_VERSION = 5.0;
				TARGETED_DEVICE_FAMILY = 1;
				TEST_TARGET_NAME = KathaApp;
			};
			name = Debug;
		};
		6CD5189F135E8ECFF51284F6 /* Release */ = {
			isa = XCBuildConfiguration;
			buildSettings = {
				CLANG_ENABLE_OBJC_WEAK = NO;
				CODE_SIGNING_ALLOWED = NO;
				CODE_SIGNING_REQUIRED = NO;
				CODE_SIGN_IDENTITY = "";
				GENERATE_INFOPLIST_FILE = YES;
				IPHONEOS_DEPLOYMENT_TARGET = 17.0;
				PRODUCT_BUNDLE_IDENTIFIER = dev.katha.uitests;
				SDKROOT = iphoneos;
				SWIFT_VERSION = 5.0;
				TARGETED_DEVICE_FAMILY = 1;
				TEST_TARGET_NAME = KathaApp;
				VALIDATE_PRODUCT = YES;
			};
			name = Release;
		};
		8E138FBDF40B0EFB43AADB9A /* Debug */ = {
			isa = XCBuildConfiguration;
			baseConfigurationReference = B555BA935D2B8EE623484404 /* Debug.xcconfig */;
			buildSettings = {
				ASSETCATALOG_COMPILER_APPICON_NAME = AppIcon;
				ASSETCATALOG_COMPILER_GLOBAL_ACCENT_COLOR_NAME = AccentColor;
				CLANG_ENABLE_OBJC_WEAK = NO;
				CODE_SIGNING_ALLOWED = YES;
				CODE_SIGNING_REQUIRED = NO;
				CODE_SIGN_IDENTITY = "-";
				CODE_SIGN_STYLE = Manual;
				CURRENT_PROJECT_VERSION = 1;
				ENABLE_PREVIEWS = YES;
				GENERATE_INFOPLIST_FILE = NO;
				INFOPLIST_FILE = "KathaApp/Info-Debug.plist";
				IPHONEOS_DEPLOYMENT_TARGET = 17.0;
				LD_RUNPATH_SEARCH_PATHS = "$(inherited) @executable_path/Frameworks";
				MARKETING_VERSION = 1.0.0;
				PRODUCT_BUNDLE_IDENTIFIER = dev.katha.app;
				PRODUCT_NAME = "$(TARGET_NAME)";
				SDKROOT = iphoneos;
				SWIFT_EMIT_LOC_STRINGS = NO;
				SWIFT_STRICT_CONCURRENCY = complete;
				SWIFT_VERSION = 6.0;
				TARGETED_DEVICE_FAMILY = 1;
			};
			name = Debug;
		};
		9A58C229E7277EB29D1B2A5F /* Debug */ = {
			isa = XCBuildConfiguration;
			buildSettings = {
				ALWAYS_SEARCH_USER_PATHS = NO;
				CLANG_ANALYZER_NONNULL = YES;
				CLANG_ANALYZER_NUMBER_OBJECT_CONVERSION = YES_AGGRESSIVE;
				CLANG_CXX_LANGUAGE_STANDARD = "gnu++14";
				CLANG_CXX_LIBRARY = "libc++";
				CLANG_ENABLE_MODULES = YES;
				CLANG_ENABLE_OBJC_ARC = YES;
				CLANG_ENABLE_OBJC_WEAK = YES;
				CLANG_WARN_BLOCK_CAPTURE_AUTORELEASING = YES;
				CLANG_WARN_BOOL_CONVERSION = YES;
				CLANG_WARN_COMMA = YES;
				CLANG_WARN_CONSTANT_CONVERSION = YES;
				CLANG_WARN_DEPRECATED_OBJC_IMPLEMENTATIONS = YES;
				CLANG_WARN_DIRECT_OBJC_ISA_USAGE = YES_ERROR;
				CLANG_WARN_DOCUMENTATION_COMMENTS = YES;
				CLANG_WARN_EMPTY_BODY = YES;
				CLANG_WARN_ENUM_CONVERSION = YES;
				CLANG_WARN_INFINITE_RECURSION = YES;
				CLANG_WARN_INT_CONVERSION = YES;
				CLANG_WARN_NON_LITERAL_NULL_CONVERSION = YES;
				CLANG_WARN_OBJC_IMPLICIT_RETAIN_SELF = YES;
				CLANG_WARN_OBJC_LITERAL_CONVERSION = YES;
				CLANG_WARN_OBJC_ROOT_CLASS = YES_ERROR;
				CLANG_WARN_QUOTED_INCLUDE_IN_FRAMEWORK_HEADER = YES;
				CLANG_WARN_RANGE_LOOP_ANALYSIS = YES;
				CLANG_WARN_STRICT_PROTOTYPES = YES;
				CLANG_WARN_SUSPICIOUS_MOVE = YES;
				CLANG_WARN_UNGUARDED_AVAILABILITY = YES_AGGRESSIVE;
				CLANG_WARN_UNREACHABLE_CODE = YES;
				CLANG_WARN__DUPLICATE_METHOD_MATCH = YES;
				COPY_PHASE_STRIP = NO;
				DEBUG_INFORMATION_FORMAT = dwarf;
				ENABLE_STRICT_OBJC_MSGSEND = YES;
				ENABLE_TESTABILITY = YES;
				GCC_C_LANGUAGE_STANDARD = gnu11;
				GCC_DYNAMIC_NO_PIC = NO;
				GCC_NO_COMMON_BLOCKS = YES;
				GCC_OPTIMIZATION_LEVEL = 0;
				GCC_PREPROCESSOR_DEFINITIONS = (
					"DEBUG=1",
					"$(inherited)",
				);
				GCC_WARN_64_TO_32_BIT_CONVERSION = YES;
				GCC_WARN_ABOUT_RETURN_TYPE = YES_ERROR;
				GCC_WARN_UNDECLARED_SELECTOR = YES;
				GCC_WARN_UNINITIALIZED_AUTOS = YES_AGGRESSIVE;
				GCC_WARN_UNUSED_FUNCTION = YES;
				GCC_WARN_UNUSED_VARIABLE = YES;
				MTL_ENABLE_DEBUG_INFO = INCLUDE_SOURCE;
				MTL_FAST_MATH = YES;
				ONLY_ACTIVE_ARCH = YES;
				PRODUCT_NAME = "$(TARGET_NAME)";
				SWIFT_ACTIVE_COMPILATION_CONDITIONS = DEBUG;
				SWIFT_OPTIMIZATION_LEVEL = "-Onone";
				SWIFT_VERSION = 5.0;
			};
			name = Debug;
		};
		E9D00B27932B0AE717CAAED1 /* Release */ = {
			isa = XCBuildConfiguration;
			baseConfigurationReference = 5ED0A5FD16B35AD23A7A5C23 /* Release.xcconfig */;
			buildSettings = {
				ASSETCATALOG_COMPILER_APPICON_NAME = AppIcon;
				ASSETCATALOG_COMPILER_GLOBAL_ACCENT_COLOR_NAME = AccentColor;
				CLANG_ENABLE_OBJC_WEAK = NO;
				CODE_SIGNING_ALLOWED = YES;
				CODE_SIGNING_REQUIRED = NO;
				CODE_SIGN_IDENTITY = "-";
				CODE_SIGN_STYLE = Manual;
				CURRENT_PROJECT_VERSION = 1;
				ENABLE_PREVIEWS = YES;
				GENERATE_INFOPLIST_FILE = NO;
				INFOPLIST_FILE = KathaApp/Info.plist;
				IPHONEOS_DEPLOYMENT_TARGET = 17.0;
				LD_RUNPATH_SEARCH_PATHS = "$(inherited) @executable_path/Frameworks";
				MARKETING_VERSION = 1.0.0;
				PRODUCT_BUNDLE_IDENTIFIER = dev.katha.app;
				PRODUCT_NAME = "$(TARGET_NAME)";
				SDKROOT = iphoneos;
				SWIFT_EMIT_LOC_STRINGS = NO;
				SWIFT_STRICT_CONCURRENCY = complete;
				SWIFT_VERSION = 6.0;
				TARGETED_DEVICE_FAMILY = 1;
				VALIDATE_PRODUCT = YES;
			};
			name = Release;
		};
/* End XCBuildConfiguration section */

/* Begin XCConfigurationList section */
		248FB1F120BB5E7C126994F9 /* Build configuration list for PBXNativeTarget "KathaAppUITests" */ = {
			isa = XCConfigurationList;
			buildConfigurations = (
				6CD5189F135E8ECFF51284F6 /* Release */,
				3683C85952832180E2902372 /* Debug */,
			);
			defaultConfigurationIsVisible = 0;
			defaultConfigurationName = Release;
		};
		35C7D174CEABA2CC7F6B8E4F /* Build configuration list for PBXNativeTarget "KathaApp" */ = {
			isa = XCConfigurationList;
			buildConfigurations = (
				E9D00B27932B0AE717CAAED1 /* Release */,
				8E138FBDF40B0EFB43AADB9A /* Debug */,
			);
			defaultConfigurationIsVisible = 0;
			defaultConfigurationName = Release;
		};
		98BFD5A6D9B08DA9450D628E /* Build configuration list for PBXProject "KathaApp" */ = {
			isa = XCConfigurationList;
			buildConfigurations = (
				9A58C229E7277EB29D1B2A5F /* Debug */,
				1E9320976823E9566F4DEDAA /* Release */,
			);
			defaultConfigurationIsVisible = 0;
			defaultConfigurationName = Release;
		};
/* End XCConfigurationList section */

/* Begin XCLocalSwiftPackageReference section */
		4D63CFFDF26930D6008448EE /* XCLocalSwiftPackageReference "KathaKit" */ = {
			isa = XCLocalSwiftPackageReference;
			relativePath = KathaKit;
		};
/* End XCLocalSwiftPackageReference section */

/* Begin XCSwiftPackageProductDependency section */
		4543DE7D1A9251AF7A5DFF3B /* KathaKit */ = {
			isa = XCSwiftPackageProductDependency;
			package = 4D63CFFDF26930D6008448EE /* XCLocalSwiftPackageReference "KathaKit" */;
			productName = KathaKit;
		};
/* End XCSwiftPackageProductDependency section */
	};
	rootObject = 588AD088EB946D658CA4DC27 /* Project object */;
}
