// !$*UTF8*$!
{
	archiveVersion = 1;
	classes = {
	};
	objectVersion = 46;
	objects = {

/* Begin PBXBuildFile section */
		023BC2598F9F0EE1BB1BBB80 /* ProgressReporter.swift in Sources */ = {isa = PBXBuildFile; fileRef = 8577DAEA95BD2CA9C047671C /* ProgressReporter.swift */; };
		023E39F3A60CC83524535CC3 /* OnboardingViews.swift in Sources */ = {isa = PBXBuildFile; fileRef = 67D1B8449DA4F762E677C57A /* OnboardingViews.swift */; };
		0BFB964D5A92462E42EDCF3B /* AppleSignIn.swift in Sources */ = {isa = PBXBuildFile; fileRef = 4F430BD43E20FA9D979DC987 /* AppleSignIn.swift */; };
		103287950BEEA6E9864E4502 /* Notifications.swift in Sources */ = {isa = PBXBuildFile; fileRef = CAB550147A0490C880D466C0 /* Notifications.swift */; };
		140B3498DD0FBA4EF678CD5D /* PrivacyInfo.xcprivacy in Resources */ = {isa = PBXBuildFile; fileRef = 9A2BC58B8D8FBE9C284A387F /* PrivacyInfo.xcprivacy */; };
		1CB1B9A94F3473E916F1DCC3 /* ParentalLock.swift in Sources */ = {isa = PBXBuildFile; fileRef = D5C8C0CFBD4D6EF6A50AEA5B /* ParentalLock.swift */; };
		25F5B926D624BBB466F56CEF /* KathaAppUITests.swift in Sources */ = {isa = PBXBuildFile; fileRef = 01FF2225A0BACDA7E7402D2A /* KathaAppUITests.swift */; };
		2668908879B8439AF8D7406B /* Foundation.framework in Frameworks */ = {isa = PBXBuildFile; fileRef = 6AC25A2E49EB38FBFA4AD2A4 /* Foundation.framework */; };
		293CBA612863AD5BEEDEE848 /* SeriesView.swift in Sources */ = {isa = PBXBuildFile; fileRef = 0274AE0DD09756D124E065A6 /* SeriesView.swift */; };
		2E43F128950AA95D53CF51B2 /* Foundation.framework in Frameworks */ = {isa = PBXBuildFile; fileRef = 6AC25A2E49EB38FBFA4AD2A4 /* Foundation.framework */; };
		4A79416F12A46495DA829B0D /* DiscoverViews.swift in Sources */ = {isa = PBXBuildFile; fileRef = 5486A00B1676745FC88D7515 /* DiscoverViews.swift */; };
		4D8A77A728590FB5A44B66BE /* PaywallView.swift in Sources */ = {isa = PBXBuildFile; fileRef = E72999E304E33B1E21E02A3C /* PaywallView.swift */; };
		4EBA55BE95276C58408F7135 /* DesignSystem.swift in Sources */ = {isa = PBXBuildFile; fileRef = FAF185E652F0ABFD60DF600A /* DesignSystem.swift */; };
		4FC6AB6AA48865333FFDAF46 /* ScreenshotTour.swift in Sources */ = {isa = PBXBuildFile; fileRef = 051F3F586FC0702F5EDB8CA1 /* ScreenshotTour.swift */; };
		5EC9EE986F066970CFA1D181 /* KathaApp.swift in Sources */ = {isa = PBXBuildFile; fileRef = E078B37043ADFA9F12F4AD66 /* KathaApp.swift */; };
		67FA6B513B4D69D2ED3937B7 /* Fonts in Resources */ = {isa = PBXBuildFile; fileRef = DA4EB0E00AFDAF149A978DC4 /* Fonts */; };
		783F99E2B6FB847CD0D5DC7C /* FeedView.swift in Sources */ = {isa = PBXBuildFile; fileRef = 5DDFC59160532379868F0DED /* FeedView.swift */; };
		7D1E6FD6893A0F5F8B890EEE /* Assets.xcassets in Resources */ = {isa = PBXBuildFile; fileRef = 33809C9B6F8D89F18168927F /* Assets.xcassets */; };
		922DF120357DC1441C87F77E /* WalletView.swift in Sources */ = {isa = PBXBuildFile; fileRef = 5961C9FAF54C27B64DDA6DAD /* WalletView.swift */; };
		9607AEFD9B921CF2CB75D362 /* PlayerView.swift in Sources */ = {isa = PBXBuildFile; fileRef = CED3A3494B26FA9589EB3B2F /* PlayerView.swift */; };
		A8774FE1848460C8FAFFDD47 /* Keychain.swift in Sources */ = {isa = PBXBuildFile; fileRef = 629D7EEAF339484C8678F020 /* Keychain.swift */; };
		C03D1E9E16B62F0A8B59A9BD /* ProfileViews.swift in Sources */ = {isa = PBXBuildFile; fileRef = E9D6B72F1B6BD5879A0B0F1D /* ProfileViews.swift */; };
		CEB667233A2EFD19EE546FFC /* CoachMarks.swift in Sources */ = {isa = PBXBuildFile; fileRef = 87259ECADCB614C638B142BD /* CoachMarks.swift */; };
		DB97006416541A93EABC3723 /* AuthViews.swift in Sources */ = {isa = PBXBuildFile; fileRef = 537463B1C5E7638F88320D19 /* AuthViews.swift */; };
		DFB793D09BE880D5EEE6F317 /* KathaKit in Frameworks */ = {isa = PBXBuildFile; productRef = 9BABE1D4D0AC3566ADADDC45 /* KathaKit */; };
		E5FBDD83C91664FA122F49BF /* CoinStore.swift in Sources */ = {isa = PBXBuildFile; fileRef = 79D5C7F503899BA4F4A80EFC /* CoinStore.swift */; };
/* End PBXBuildFile section */

/* Begin PBXContainerItemProxy section */
		64E27AAB42F8746B783A16C4 /* PBXContainerItemProxy */ = {
			isa = PBXContainerItemProxy;
			containerPortal = D5146E2C73060354B5BCD6E2 /* Project object */;
			proxyType = 1;
			remoteGlobalIDString = E0B1529D0F789999EF83E205;
			remoteInfo = KathaApp;
		};
/* End PBXContainerItemProxy section */

/* Begin PBXFileReference section */
		01FF2225A0BACDA7E7402D2A /* KathaAppUITests.swift */ = {isa = PBXFileReference; includeInIndex = 1; lastKnownFileType = sourcecode.swift; path = KathaAppUITests.swift; sourceTree = "<group>"; };
		0274AE0DD09756D124E065A6 /* SeriesView.swift */ = {isa = PBXFileReference; includeInIndex = 1; lastKnownFileType = sourcecode.swift; path = SeriesView.swift; sourceTree = "<group>"; };
		04F925008729DFF55E63F4C0 /* Release.xcconfig */ = {isa = PBXFileReference; includeInIndex = 1; lastKnownFileType = text.xcconfig; path = Release.xcconfig; sourceTree = "<group>"; };
		051F3F586FC0702F5EDB8CA1 /* ScreenshotTour.swift */ = {isa = PBXFileReference; includeInIndex = 1; lastKnownFileType = sourcecode.swift; path = ScreenshotTour.swift; sourceTree = "<group>"; };
		09EF7B7ADB35D685254E3F69 /* Debug.xcconfig */ = {isa = PBXFileReference; includeInIndex = 1; lastKnownFileType = text.xcconfig; path = Debug.xcconfig; sourceTree = "<group>"; };
		33809C9B6F8D89F18168927F /* Assets.xcassets */ = {isa = PBXFileReference; includeInIndex = 1; lastKnownFileType = folder.assetcatalog; path = Assets.xcassets; sourceTree = "<group>"; };
		4AE15437DEFD35EDBA54994D /* Katha.storekit */ = {isa = PBXFileReference; includeInIndex = 1; path = Katha.storekit; sourceTree = "<group>"; };
		4F430BD43E20FA9D979DC987 /* AppleSignIn.swift */ = {isa = PBXFileReference; includeInIndex = 1; lastKnownFileType = sourcecode.swift; path = AppleSignIn.swift; sourceTree = "<group>"; };
		537463B1C5E7638F88320D19 /* AuthViews.swift */ = {isa = PBXFileReference; includeInIndex = 1; lastKnownFileType = sourcecode.swift; path = AuthViews.swift; sourceTree = "<group>"; };
		5486A00B1676745FC88D7515 /* DiscoverViews.swift */ = {isa = PBXFileReference; includeInIndex = 1; lastKnownFileType = sourcecode.swift; path = DiscoverViews.swift; sourceTree = "<group>"; };
		5961C9FAF54C27B64DDA6DAD /* WalletView.swift */ = {isa = PBXFileReference; includeInIndex = 1; lastKnownFileType = sourcecode.swift; path = WalletView.swift; sourceTree = "<group>"; };
		5DDFC59160532379868F0DED /* FeedView.swift */ = {isa = PBXFileReference; includeInIndex = 1; lastKnownFileType = sourcecode.swift; path = FeedView.swift; sourceTree = "<group>"; };
		629D7EEAF339484C8678F020 /* Keychain.swift */ = {isa = PBXFileReference; includeInIndex = 1; lastKnownFileType = sourcecode.swift; path = Keychain.swift; sourceTree = "<group>"; };
		67D1B8449DA4F762E677C57A /* OnboardingViews.swift */ = {isa = PBXFileReference; includeInIndex = 1; lastKnownFileType = sourcecode.swift; path = OnboardingViews.swift; sourceTree = "<group>"; };
		6AC25A2E49EB38FBFA4AD2A4 /* Foundation.framework */ = {isa = PBXFileReference; lastKnownFileType = wrapper.framework; name = Foundation.framework; path = Platforms/iPhoneOS.platform/Developer/SDKs/iPhoneOS26.0.sdk/System/Library/Frameworks/Foundation.framework; sourceTree = DEVELOPER_DIR; };
		79D5C7F503899BA4F4A80EFC /* CoinStore.swift */ = {isa = PBXFileReference; includeInIndex = 1; lastKnownFileType = sourcecode.swift; path = CoinStore.swift; sourceTree = "<group>"; };
		8577DAEA95BD2CA9C047671C /* ProgressReporter.swift */ = {isa = PBXFileReference; includeInIndex = 1; lastKnownFileType = sourcecode.swift; path = ProgressReporter.swift; sourceTree = "<group>"; };
		87259ECADCB614C638B142BD /* CoachMarks.swift */ = {isa = PBXFileReference; includeInIndex = 1; lastKnownFileType = sourcecode.swift; path = CoachMarks.swift; sourceTree = "<group>"; };
		9A2BC58B8D8FBE9C284A387F /* PrivacyInfo.xcprivacy */ = {isa = PBXFileReference; includeInIndex = 1; path = PrivacyInfo.xcprivacy; sourceTree = "<group>"; };
		A77189F3D697BBC116232678 /* KathaApp.app */ = {isa = PBXFileReference; explicitFileType = wrapper.application; includeInIndex = 0; path = KathaApp.app; sourceTree = BUILT_PRODUCTS_DIR; };
		C701E4F781AA99D20CEE1287 /* Local.xcconfig.example */ = {isa = PBXFileReference; includeInIndex = 1; path = Local.xcconfig.example; sourceTree = "<group>"; };
		CAB550147A0490C880D466C0 /* Notifications.swift */ = {isa = PBXFileReference; includeInIndex = 1; lastKnownFileType = sourcecode.swift; path = Notifications.swift; sourceTree = "<group>"; };
		CED3A3494B26FA9589EB3B2F /* PlayerView.swift */ = {isa = PBXFileReference; includeInIndex = 1; lastKnownFileType = sourcecode.swift; path = PlayerView.swift; sourceTree = "<group>"; };
		D29F7A4A04F5DA3584A8B93B /* KathaAppUITests.xctest */ = {isa = PBXFileReference; explicitFileType = wrapper.cfbundle; includeInIndex = 0; path = KathaAppUITests.xctest; sourceTree = BUILT_PRODUCTS_DIR; };
		D5C8C0CFBD4D6EF6A50AEA5B /* ParentalLock.swift */ = {isa = PBXFileReference; includeInIndex = 1; lastKnownFileType = sourcecode.swift; path = ParentalLock.swift; sourceTree = "<group>"; };
		DA4EB0E00AFDAF149A978DC4 /* Fonts */ = {isa = PBXFileReference; includeInIndex = 1; path = Fonts; sourceTree = "<group>"; };
		E078B37043ADFA9F12F4AD66 /* KathaApp.swift */ = {isa = PBXFileReference; includeInIndex = 1; lastKnownFileType = sourcecode.swift; path = KathaApp.swift; sourceTree = "<group>"; };
		E72999E304E33B1E21E02A3C /* PaywallView.swift */ = {isa = PBXFileReference; includeInIndex = 1; lastKnownFileType = sourcecode.swift; path = PaywallView.swift; sourceTree = "<group>"; };
		E9D6B72F1B6BD5879A0B0F1D /* ProfileViews.swift */ = {isa = PBXFileReference; includeInIndex = 1; lastKnownFileType = sourcecode.swift; path = ProfileViews.swift; sourceTree = "<group>"; };
		FAF185E652F0ABFD60DF600A /* DesignSystem.swift */ = {isa = PBXFileReference; includeInIndex = 1; lastKnownFileType = sourcecode.swift; path = DesignSystem.swift; sourceTree = "<group>"; };
/* End PBXFileReference section */

/* Begin PBXFrameworksBuildPhase section */
		26629D0829DCA881915EC833 /* Frameworks */ = {
			isa = PBXFrameworksBuildPhase;
			buildActionMask = 2147483647;
			files = (
				2668908879B8439AF8D7406B /* Foundation.framework in Frameworks */,
			);
			runOnlyForDeploymentPostprocessing = 0;
		};
		9156261D51357729BF1573BB /* Frameworks */ = {
			isa = PBXFrameworksBuildPhase;
			buildActionMask = 2147483647;
			files = (
				2E43F128950AA95D53CF51B2 /* Foundation.framework in Frameworks */,
				DFB793D09BE880D5EEE6F317 /* KathaKit in Frameworks */,
			);
			runOnlyForDeploymentPostprocessing = 0;
		};
/* End PBXFrameworksBuildPhase section */

/* Begin PBXGroup section */
		3421F05B1A3134FC4C38F262 /* KathaAppUITests */ = {
			isa = PBXGroup;
			children = (
				01FF2225A0BACDA7E7402D2A /* KathaAppUITests.swift */,
				051F3F586FC0702F5EDB8CA1 /* ScreenshotTour.swift */,
			);
			name = KathaAppUITests;
			path = KathaAppUITests;
			sourceTree = "<group>";
		};
		4830F28916C70F5B642062D5 /* Products */ = {
			isa = PBXGroup;
			children = (
				A77189F3D697BBC116232678 /* KathaApp.app */,
				D29F7A4A04F5DA3584A8B93B /* KathaAppUITests.xctest */,
			);
			name = Products;
			sourceTree = "<group>";
		};
		567DEF7BAE1198EB4E7A3470 /* Frameworks */ = {
			isa = PBXGroup;
			children = (
				C754808279F805E50F551DB0 /* iOS */,
			);
			name = Frameworks;
			sourceTree = "<group>";
		};
		6F98F122392E66F588E36845 /* KathaApp */ = {
			isa = PBXGroup;
			children = (
				4F430BD43E20FA9D979DC987 /* AppleSignIn.swift */,
				537463B1C5E7638F88320D19 /* AuthViews.swift */,
				87259ECADCB614C638B142BD /* CoachMarks.swift */,
				79D5C7F503899BA4F4A80EFC /* CoinStore.swift */,
				FAF185E652F0ABFD60DF600A /* DesignSystem.swift */,
				5486A00B1676745FC88D7515 /* DiscoverViews.swift */,
				5DDFC59160532379868F0DED /* FeedView.swift */,
				E078B37043ADFA9F12F4AD66 /* KathaApp.swift */,
				629D7EEAF339484C8678F020 /* Keychain.swift */,
				CAB550147A0490C880D466C0 /* Notifications.swift */,
				67D1B8449DA4F762E677C57A /* OnboardingViews.swift */,
				D5C8C0CFBD4D6EF6A50AEA5B /* ParentalLock.swift */,
				E72999E304E33B1E21E02A3C /* PaywallView.swift */,
				CED3A3494B26FA9589EB3B2F /* PlayerView.swift */,
				E9D6B72F1B6BD5879A0B0F1D /* ProfileViews.swift */,
				8577DAEA95BD2CA9C047671C /* ProgressReporter.swift */,
				0274AE0DD09756D124E065A6 /* SeriesView.swift */,
				5961C9FAF54C27B64DDA6DAD /* WalletView.swift */,
				33809C9B6F8D89F18168927F /* Assets.xcassets */,
				9A2BC58B8D8FBE9C284A387F /* PrivacyInfo.xcprivacy */,
				4AE15437DEFD35EDBA54994D /* Katha.storekit */,
				DA4EB0E00AFDAF149A978DC4 /* Fonts */,
				F8326C99338A5D8AC82ED6A7 /* Config */,
			);
			name = KathaApp;
			path = KathaApp;
			sourceTree = "<group>";
		};
		B699FEDD9E89E4CEEC8AD6AF = {
			isa = PBXGroup;
			children = (
				4830F28916C70F5B642062D5 /* Products */,
				567DEF7BAE1198EB4E7A3470 /* Frameworks */,
				6F98F122392E66F588E36845 /* KathaApp */,
				3421F05B1A3134FC4C38F262 /* KathaAppUITests */,
			);
			sourceTree = "<group>";
		};
		C754808279F805E50F551DB0 /* iOS */ = {
			isa = PBXGroup;
			children = (
				6AC25A2E49EB38FBFA4AD2A4 /* Foundation.framework */,
			);
			name = iOS;
			sourceTree = "<group>";
		};
		F8326C99338A5D8AC82ED6A7 /* Config */ = {
			isa = PBXGroup;
			children = (
				09EF7B7ADB35D685254E3F69 /* Debug.xcconfig */,
				04F925008729DFF55E63F4C0 /* Release.xcconfig */,
				C701E4F781AA99D20CEE1287 /* Local.xcconfig.example */,
			);
			name = Config;
			path = Config;
			sourceTree = "<group>";
		};
/* End PBXGroup section */

/* Begin PBXNativeTarget section */
		79C66BF0C00BAA22EE91BCCC /* KathaAppUITests */ = {
			isa = PBXNativeTarget;
			buildConfigurationList = FD8DAE5E3E7519BFEDBBD7A4 /* Build configuration list for PBXNativeTarget "KathaAppUITests" */;
			buildPhases = (
				3EA43E1EF3242FD854F38CD2 /* Sources */,
				26629D0829DCA881915EC833 /* Frameworks */,
				D3A81EB746DF625FDEB9C768 /* Resources */,
			);
			buildRules = (
			);
			dependencies = (
				4BC032B7FB6CA200B170F8B1 /* PBXTargetDependency */,
			);
			name = KathaAppUITests;
			productName = KathaAppUITests;
			productReference = D29F7A4A04F5DA3584A8B93B /* KathaAppUITests.xctest */;
			productType = "com.apple.product-type.bundle.ui-testing";
		};
		E0B1529D0F789999EF83E205 /* KathaApp */ = {
			isa = PBXNativeTarget;
			buildConfigurationList = 36B998FC20FB06B80BED0E6A /* Build configuration list for PBXNativeTarget "KathaApp" */;
			buildPhases = (
				BB2F0C6C7CBA362F91EF09FA /* Sources */,
				9156261D51357729BF1573BB /* Frameworks */,
				F80B400C9B0D99F0089D6DF5 /* Resources */,
			);
			buildRules = (
			);
			dependencies = (
			);
			name = KathaApp;
			packageProductDependencies = (
				9BABE1D4D0AC3566ADADDC45 /* KathaKit */,
			);
			productName = KathaApp;
			productReference = A77189F3D697BBC116232678 /* KathaApp.app */;
			productType = "com.apple.product-type.application";
		};
/* End PBXNativeTarget section */

/* Begin PBXProject section */
		D5146E2C73060354B5BCD6E2 /* Project object */ = {
			isa = PBXProject;
			attributes = {
				LastSwiftUpdateCheck = 1600;
				LastUpgradeCheck = 1600;
			};
			buildConfigurationList = 4F8A6D96F6970932110DAC0C /* Build configuration list for PBXProject "KathaApp" */;
			compatibilityVersion = "Xcode 3.2";
			developmentRegion = en;
			hasScannedForEncodings = 0;
			knownRegions = (
				en,
				Base,
			);
			mainGroup = B699FEDD9E89E4CEEC8AD6AF;
			minimizedProjectReferenceProxies = 0;
			packageReferences = (
				F0F0D2F51F40AC2764BEB483 /* XCLocalSwiftPackageReference "KathaKit" */,
			);
			preferredProjectObjectVersion = 100;
			productRefGroup = 4830F28916C70F5B642062D5 /* Products */;
			projectDirPath = "";
			projectRoot = "";
			targets = (
				E0B1529D0F789999EF83E205 /* KathaApp */,
				79C66BF0C00BAA22EE91BCCC /* KathaAppUITests */,
			);
		};
/* End PBXProject section */

/* Begin PBXResourcesBuildPhase section */
		D3A81EB746DF625FDEB9C768 /* Resources */ = {
			isa = PBXResourcesBuildPhase;
			buildActionMask = 2147483647;
			files = (
			);
			runOnlyForDeploymentPostprocessing = 0;
		};
		F80B400C9B0D99F0089D6DF5 /* Resources */ = {
			isa = PBXResourcesBuildPhase;
			buildActionMask = 2147483647;
			files = (
				7D1E6FD6893A0F5F8B890EEE /* Assets.xcassets in Resources */,
				140B3498DD0FBA4EF678CD5D /* PrivacyInfo.xcprivacy in Resources */,
				67FA6B513B4D69D2ED3937B7 /* Fonts in Resources */,
			);
			runOnlyForDeploymentPostprocessing = 0;
		};
/* End PBXResourcesBuildPhase section */

/* Begin PBXSourcesBuildPhase section */
		3EA43E1EF3242FD854F38CD2 /* Sources */ = {
			isa = PBXSourcesBuildPhase;
			buildActionMask = 2147483647;
			files = (
				25F5B926D624BBB466F56CEF /* KathaAppUITests.swift in Sources */,
				4FC6AB6AA48865333FFDAF46 /* ScreenshotTour.swift in Sources */,
			);
			runOnlyForDeploymentPostprocessing = 0;
		};
		BB2F0C6C7CBA362F91EF09FA /* Sources */ = {
			isa = PBXSourcesBuildPhase;
			buildActionMask = 2147483647;
			files = (
				0BFB964D5A92462E42EDCF3B /* AppleSignIn.swift in Sources */,
				DB97006416541A93EABC3723 /* AuthViews.swift in Sources */,
				CEB667233A2EFD19EE546FFC /* CoachMarks.swift in Sources */,
				E5FBDD83C91664FA122F49BF /* CoinStore.swift in Sources */,
				4EBA55BE95276C58408F7135 /* DesignSystem.swift in Sources */,
				4A79416F12A46495DA829B0D /* DiscoverViews.swift in Sources */,
				783F99E2B6FB847CD0D5DC7C /* FeedView.swift in Sources */,
				5EC9EE986F066970CFA1D181 /* KathaApp.swift in Sources */,
				A8774FE1848460C8FAFFDD47 /* Keychain.swift in Sources */,
				103287950BEEA6E9864E4502 /* Notifications.swift in Sources */,
				023E39F3A60CC83524535CC3 /* OnboardingViews.swift in Sources */,
				1CB1B9A94F3473E916F1DCC3 /* ParentalLock.swift in Sources */,
				4D8A77A728590FB5A44B66BE /* PaywallView.swift in Sources */,
				9607AEFD9B921CF2CB75D362 /* PlayerView.swift in Sources */,
				C03D1E9E16B62F0A8B59A9BD /* ProfileViews.swift in Sources */,
				023BC2598F9F0EE1BB1BBB80 /* ProgressReporter.swift in Sources */,
				293CBA612863AD5BEEDEE848 /* SeriesView.swift in Sources */,
				922DF120357DC1441C87F77E /* WalletView.swift in Sources */,
			);
			runOnlyForDeploymentPostprocessing = 0;
		};
/* End PBXSourcesBuildPhase section */

/* Begin PBXTargetDependency section */
		4BC032B7FB6CA200B170F8B1 /* PBXTargetDependency */ = {
			isa = PBXTargetDependency;
			name = KathaApp;
			target = E0B1529D0F789999EF83E205 /* KathaApp */;
			targetProxy = 64E27AAB42F8746B783A16C4 /* PBXContainerItemProxy */;
		};
/* End PBXTargetDependency section */

/* Begin XCBuildConfiguration section */
		53519E6283F655897E9C8330 /* Debug */ = {
			isa = XCBuildConfiguration;
			buildSettings = {
				ALWAYS_SEARCH_USER_PATHS = NO;
				CLANG_ANALYZER_NONNULL = YES;
				CLANG_ANALYZER_NUMBER_OBJECT_CONVERSION = YES_AGGRESSIVE;
				CLANG_CXX_LANGUAGE_STANDARD = "gnu++14";
				CLANG_CXX_LIBRARY = "libc++";
				CLANG_ENABLE_MODULES = YES;
				CLANG_ENABLE_OBJC_ARC = YES;
				CLANG_ENABLE_OBJC_WEAK = YES;
				CLANG_WARN_BLOCK_CAPTURE_AUTORELEASING = YES;
				CLANG_WARN_BOOL_CONVERSION = YES;
				CLANG_WARN_COMMA = YES;
				CLANG_WARN_CONSTANT_CONVERSION = YES;
				CLANG_WARN_DEPRECATED_OBJC_IMPLEMENTATIONS = YES;
				CLANG_WARN_DIRECT_OBJC_ISA_USAGE = YES_ERROR;
				CLANG_WARN_DOCUMENTATION_COMMENTS = YES;
				CLANG_WARN_EMPTY_BODY = YES;
				CLANG_WARN_ENUM_CONVERSION = YES;
				CLANG_WARN_INFINITE_RECURSION = YES;
				CLANG_WARN_INT_CONVERSION = YES;
				CLANG_WARN_NON_LITERAL_NULL_CONVERSION = YES;
				CLANG_WARN_OBJC_IMPLICIT_RETAIN_SELF = YES;
				CLANG_WARN_OBJC_LITERAL_CONVERSION = YES;
				CLANG_WARN_OBJC_ROOT_CLASS = YES_ERROR;
				CLANG_WARN_QUOTED_INCLUDE_IN_FRAMEWORK_HEADER = YES;
				CLANG_WARN_RANGE_LOOP_ANALYSIS = YES;
				CLANG_WARN_STRICT_PROTOTYPES = YES;
				CLANG_WARN_SUSPICIOUS_MOVE = YES;
				CLANG_WARN_UNGUARDED_AVAILABILITY = YES_AGGRESSIVE;
				CLANG_WARN_UNREACHABLE_CODE = YES;
				CLANG_WARN__DUPLICATE_METHOD_MATCH = YES;
				COPY_PHASE_STRIP = NO;
				DEBUG_INFORMATION_FORMAT = dwarf;
				ENABLE_STRICT_OBJC_MSGSEND = YES;
				ENABLE_TESTABILITY = YES;
				GCC_C_LANGUAGE_STANDARD = gnu11;
				GCC_DYNAMIC_NO_PIC = NO;
				GCC_NO_COMMON_BLOCKS = YES;
				GCC_OPTIMIZATION_LEVEL = 0;
				GCC_PREPROCESSOR_DEFINITIONS = (
					"DEBUG=1",
					"$(inherited)",
				);
				GCC_WARN_64_TO_32_BIT_CONVERSION = YES;
				GCC_WARN_ABOUT_RETURN_TYPE = YES_ERROR;
				GCC_WARN_UNDECLARED_SELECTOR = YES;
				GCC_WARN_UNINITIALIZED_AUTOS = YES_AGGRESSIVE;
				GCC_WARN_UNUSED_FUNCTION = YES;
				GCC_WARN_UNUSED_VARIABLE = YES;
				MTL_ENABLE_DEBUG_INFO = INCLUDE_SOURCE;
				MTL_FAST_MATH = YES;
				ONLY_ACTIVE_ARCH = YES;
				PRODUCT_NAME = "$(TARGET_NAME)";
				SWIFT_ACTIVE_COMPILATION_CONDITIONS = DEBUG;
				SWIFT_OPTIMIZATION_LEVEL = "-Onone";
				SWIFT_VERSION = 5.0;
			};
			name = Debug;
		};
		5456ECCE6333DB7142DCB97E /* Release */ = {
			isa = XCBuildConfiguration;
			baseConfigurationReference = 04F925008729DFF55E63F4C0 /* Release.xcconfig */;
			buildSettings = {
				ASSETCATALOG_COMPILER_APPICON_NAME = AppIcon;
				ASSETCATALOG_COMPILER_GLOBAL_ACCENT_COLOR_NAME = AccentColor;
				CLANG_ENABLE_OBJC_WEAK = NO;
				CODE_SIGNING_ALLOWED = NO;
				CODE_SIGNING_REQUIRED = NO;
				CODE_SIGN_IDENTITY = "";
				CURRENT_PROJECT_VERSION = 1;
				ENABLE_PREVIEWS = YES;
				GENERATE_INFOPLIST_FILE = NO;
				INFOPLIST_FILE = KathaApp/Info.plist;
				IPHONEOS_DEPLOYMENT_TARGET = 17.0;
				LD_RUNPATH_SEARCH_PATHS = "$(inherited) @executable_path/Frameworks";
				MARKETING_VERSION = 1.0.0;
				PRODUCT_BUNDLE_IDENTIFIER = dev.katha.app;
				PRODUCT_NAME = "$(TARGET_NAME)";
				SDKROOT = iphoneos;
				SWIFT_EMIT_LOC_STRINGS = NO;
				SWIFT_VERSION = 5.0;
				TARGETED_DEVICE_FAMILY = 1;
				VALIDATE_PRODUCT = YES;
			};
			name = Release;
		};
		67230E50AB63F746C48EE3E8 /* Release */ = {
			isa = XCBuildConfiguration;
			buildSettings = {
				CLANG_ENABLE_OBJC_WEAK = NO;
				CODE_SIGNING_ALLOWED = NO;
				CODE_SIGNING_REQUIRED = NO;
				CODE_SIGN_IDENTITY = "";
				GENERATE_INFOPLIST_FILE = YES;
				IPHONEOS_DEPLOYMENT_TARGET = 17.0;
				PRODUCT_BUNDLE_IDENTIFIER = dev.katha.uitests;
				SDKROOT = iphoneos;
				SWIFT_VERSION = 5.0;
				TARGETED_DEVICE_FAMILY = 1;
				TEST_TARGET_NAME = KathaApp;
				VALIDATE_PRODUCT = YES;
			};
			name = Release;
		};
		89A4C0F9D3EA581085A50016 /* Debug */ = {
			isa = XCBuildConfiguration;
			baseConfigurationReference = 09EF7B7ADB35D685254E3F69 /* Debug.xcconfig */;
			buildSettings = {
				ASSETCATALOG_COMPILER_APPICON_NAME = AppIcon;
				ASSETCATALOG_COMPILER_GLOBAL_ACCENT_COLOR_NAME = AccentColor;
				CLANG_ENABLE_OBJC_WEAK = NO;
				CODE_SIGNING_ALLOWED = NO;
				CODE_SIGNING_REQUIRED = NO;
				CODE_SIGN_IDENTITY = "";
				CURRENT_PROJECT_VERSION = 1;
				ENABLE_PREVIEWS = YES;
				GENERATE_INFOPLIST_FILE = NO;
				INFOPLIST_FILE = "KathaApp/Info-Debug.plist";
				IPHONEOS_DEPLOYMENT_TARGET = 17.0;
				LD_RUNPATH_SEARCH_PATHS = "$(inherited) @executable_path/Frameworks";
				MARKETING_VERSION = 1.0.0;
				PRODUCT_BUNDLE_IDENTIFIER = dev.katha.app;
				PRODUCT_NAME = "$(TARGET_NAME)";
				SDKROOT = iphoneos;
				SWIFT_EMIT_LOC_STRINGS = NO;
				SWIFT_VERSION = 5.0;
				TARGETED_DEVICE_FAMILY = 1;
			};
			name = Debug;
		};
		BFA80C074D7FCA8803DC6CA0 /* Debug */ = {
			isa = XCBuildConfiguration;
			buildSettings = {
				CLANG_ENABLE_OBJC_WEAK = NO;
				CODE_SIGNING_ALLOWED = NO;
				CODE_SIGNING_REQUIRED = NO;
				CODE_SIGN_IDENTITY = "";
				GENERATE_INFOPLIST_FILE = YES;
				IPHONEOS_DEPLOYMENT_TARGET = 17.0;
				PRODUCT_BUNDLE_IDENTIFIER = dev.katha.uitests;
				SDKROOT = iphoneos;
				SWIFT_VERSION = 5.0;
				TARGETED_DEVICE_FAMILY = 1;
				TEST_TARGET_NAME = KathaApp;
			};
			name = Debug;
		};
		FADE2FB611D2870BEBF1D862 /* Release */ = {
			isa = XCBuildConfiguration;
			buildSettings = {
				ALWAYS_SEARCH_USER_PATHS = NO;
				CLANG_ANALYZER_NONNULL = YES;
				CLANG_ANALYZER_NUMBER_OBJECT_CONVERSION = YES_AGGRESSIVE;
				CLANG_CXX_LANGUAGE_STANDARD = "gnu++14";
				CLANG_CXX_LIBRARY = "libc++";
				CLANG_ENABLE_MODULES = YES;
				CLANG_ENABLE_OBJC_ARC = YES;
				CLANG_ENABLE_OBJC_WEAK = YES;
				CLANG_WARN_BLOCK_CAPTURE_AUTORELEASING = YES;
				CLANG_WARN_BOOL_CONVERSION = YES;
				CLANG_WARN_COMMA = YES;
				CLANG_WARN_CONSTANT_CONVERSION = YES;
				CLANG_WARN_DEPRECATED_OBJC_IMPLEMENTATIONS = YES;
				CLANG_WARN_DIRECT_OBJC_ISA_USAGE = YES_ERROR;
				CLANG_WARN_DOCUMENTATION_COMMENTS = YES;
				CLANG_WARN_EMPTY_BODY = YES;
				CLANG_WARN_ENUM_CONVERSION = YES;
				CLANG_WARN_INFINITE_RECURSION = YES;
				CLANG_WARN_INT_CONVERSION = YES;
				CLANG_WARN_NON_LITERAL_NULL_CONVERSION = YES;
				CLANG_WARN_OBJC_IMPLICIT_RETAIN_SELF = YES;
				CLANG_WARN_OBJC_LITERAL_CONVERSION = YES;
				CLANG_WARN_OBJC_ROOT_CLASS = YES_ERROR;
				CLANG_WARN_QUOTED_INCLUDE_IN_FRAMEWORK_HEADER = YES;
				CLANG_WARN_RANGE_LOOP_ANALYSIS = YES;
				CLANG_WARN_STRICT_PROTOTYPES = YES;
				CLANG_WARN_SUSPICIOUS_MOVE = YES;
				CLANG_WARN_UNGUARDED_AVAILABILITY = YES_AGGRESSIVE;
				CLANG_WARN_UNREACHABLE_CODE = YES;
				CLANG_WARN__DUPLICATE_METHOD_MATCH = YES;
				COPY_PHASE_STRIP = NO;
				DEBUG_INFORMATION_FORMAT = "dwarf-with-dsym";
				ENABLE_NS_ASSERTIONS = NO;
				ENABLE_STRICT_OBJC_MSGSEND = YES;
				GCC_C_LANGUAGE_STANDARD = gnu11;
				GCC_NO_COMMON_BLOCKS = YES;
				GCC_WARN_64_TO_32_BIT_CONVERSION = YES;
				GCC_WARN_ABOUT_RETURN_TYPE = YES_ERROR;
				GCC_WARN_UNDECLARED_SELECTOR = YES;
				GCC_WARN_UNINITIALIZED_AUTOS = YES_AGGRESSIVE;
				GCC_WARN_UNUSED_FUNCTION = YES;
				GCC_WARN_UNUSED_VARIABLE = YES;
				MTL_ENABLE_DEBUG_INFO = NO;
				MTL_FAST_MATH = YES;
				PRODUCT_NAME = "$(TARGET_NAME)";
				SWIFT_COMPILATION_MODE = wholemodule;
				SWIFT_OPTIMIZATION_LEVEL = "-O";
				SWIFT_VERSION = 5.0;
			};
			name = Release;
		};
/* End XCBuildConfiguration section */

/* Begin XCConfigurationList section */
		36B998FC20FB06B80BED0E6A /* Build configuration list for PBXNativeTarget "KathaApp" */ = {
			isa = XCConfigurationList;
			buildConfigurations = (
				5456ECCE6333DB7142DCB97E /* Release */,
				89A4C0F9D3EA581085A50016 /* Debug */,
			);
			defaultConfigurationIsVisible = 0;
			defaultConfigurationName = Release;
		};
		4F8A6D96F6970932110DAC0C /* Build configuration list for PBXProject "KathaApp" */ = {
			isa = XCConfigurationList;
			buildConfigurations = (
				53519E6283F655897E9C8330 /* Debug */,
				FADE2FB611D2870BEBF1D862 /* Release */,
			);
			defaultConfigurationIsVisible = 0;
			defaultConfigurationName = Release;
		};
		FD8DAE5E3E7519BFEDBBD7A4 /* Build configuration list for PBXNativeTarget "KathaAppUITests" */ = {
			isa = XCConfigurationList;
			buildConfigurations = (
				67230E50AB63F746C48EE3E8 /* Release */,
				BFA80C074D7FCA8803DC6CA0 /* Debug */,
			);
			defaultConfigurationIsVisible = 0;
			defaultConfigurationName = Release;
		};
/* End XCConfigurationList section */

/* Begin XCLocalSwiftPackageReference section */
		F0F0D2F51F40AC2764BEB483 /* XCLocalSwiftPackageReference "KathaKit" */ = {
			isa = XCLocalSwiftPackageReference;
			relativePath = KathaKit;
		};
/* End XCLocalSwiftPackageReference section */

/* Begin XCSwiftPackageProductDependency section */
		9BABE1D4D0AC3566ADADDC45 /* KathaKit */ = {
			isa = XCSwiftPackageProductDependency;
			package = F0F0D2F51F40AC2764BEB483 /* XCLocalSwiftPackageReference "KathaKit" */;
			productName = KathaKit;
		};
/* End XCSwiftPackageProductDependency section */
	};
	rootObject = D5146E2C73060354B5BCD6E2 /* Project object */;
}
